
Microsoft Visual Studio Solution File, Format Version 12.00
# Visual Studio 15
VisualStudioVersion = 15.0.28307.757
MinimumVisualStudioVersion = 10.0.40219.1
Project("{FAE04EC0-301F-11D3-BF4B-00C04F79EFBC}") = "angular_router", "angular_router\angular_router.csproj", "{B63A2A49-3C5B-4061-B76E-87D81AE28FD9}"
EndProject
Global
	GlobalSection(SolutionConfigurationPlatforms) = preSolution
		Debug|Any CPU = Debug|Any CPU
		Release|Any CPU = Release|Any CPU
	EndGlobalSection
	GlobalSection(ProjectConfigurationPlatforms) = postSolution
		{B63A2A49-3C5B-4061-B76E-87D81AE28FD9}.Debug|Any CPU.ActiveCfg = Debug|Any CPU
		{B63A2A49-3C5B-4061-B76E-87D81AE28FD9}.Debug|Any CPU.Build.0 = Debug|Any CPU
		{B63A2A49-3C5B-4061-B76E-87D81AE28FD9}.Release|Any CPU.ActiveCfg = Release|Any CPU
		{B63A2A49-3C5B-4061-B76E-87D81AE28FD9}.Release|Any CPU.Build.0 = Release|Any CPU
	EndGlobalSection
	GlobalSection(SolutionProperties) = preSolution
		HideSolutionNode = FALSE
	EndGlobalSection
	GlobalSection(ExtensibilityGlobals) = postSolution
		SolutionGuid = {1691646C-781F-48EB-B9D2-B32C93508493}
	EndGlobalSection
EndGlobal
